# THIS IS AN AUTOGENERATED FILE. DO NOT EDIT THIS FILE DIRECTLY.
# yarn lockfile v1


openai@^6.6.0:
  version "6.6.0"
  resolved "https://registry.yarnpkg.com/openai/-/openai-6.6.0.tgz#d4f7846fd21adc033f968601fc13d6240f3b9b08"
  integrity sha512-1yWk4cBsHF5Bq9TreHYOHY7pbqdlT74COnm8vPx7WKn36StS+Hyk8DdAitnLaw67a5Cudkz5EmlFQjSrNnrA2w==
